
Microsoft Visual Studio Solution File, Format Version 12.00
# Visual Studio Version 17
VisualStudioVersion = 17.7.34031.279
MinimumVisualStudioVersion = 10.0.40219.1
Project("{FAE04EC0-301F-11D3-BF4B-00C04F79EFBC}") = "Zcelero.ReportingServices", "Zcelero.ReportingServices.csproj", "{81D88C56-1B81-4CA1-8ACE-5DE2CB1CC98D}"
EndProject
Global
	GlobalSection(SolutionConfigurationPlatforms) = preSolution
		Debug|Any CPU = Debug|Any CPU
		Release|Any CPU = Release|Any CPU
	EndGlobalSection
	GlobalSection(ProjectConfigurationPlatforms) = postSolution
		{81D88C56-1B81-4CA1-8ACE-5DE2CB1CC98D}.Debug|Any CPU.ActiveCfg = Debug|Any CPU
		{81D88C56-1B81-4CA1-8ACE-5DE2CB1CC98D}.Debug|Any CPU.Build.0 = Debug|Any CPU
		{81D88C56-1B81-4CA1-8ACE-5DE2CB1CC98D}.Release|Any CPU.ActiveCfg = Release|Any CPU
		{81D88C56-1B81-4CA1-8ACE-5DE2CB1CC98D}.Release|Any CPU.Build.0 = Release|Any CPU
	EndGlobalSection
	GlobalSection(SolutionProperties) = preSolution
		HideSolutionNode = FALSE
	EndGlobalSection
	GlobalSection(ExtensibilityGlobals) = postSolution
		SolutionGuid = {14E25B6A-AF6B-4695-B37D-AC2304DA036F}
	EndGlobalSection
EndGlobal
